
Microsoft Visual Studio Solution File, Format Version 12.00
# Visual Studio Version 16
VisualStudioVersion = 16.0.31727.386
MinimumVisualStudioVersion = 10.0.40219.1
Project("{9A19103F-16F7-4668-BE54-9A1E7A4F7556}") = "Targil0", "Targil0\Targil0.csproj", "{78F84A66-D058-4C39-B8AC-65863E6A7729}"
EndProject
Project("{2150E333-8FDC-42A3-9474-1A3956D46DE8}") = "Solution Items", "Solution Items", "{CD666DD3-9C9C-471E-BEBF-2FDDC1C297E3}"
	ProjectSection(SolutionItems) = preProject
		README.md = README.md
	EndProjectSection
EndProject
Project("{9A19103F-16F7-4668-BE54-9A1E7A4F7556}") = "BL", "BL\BL.csproj", "{65D3A127-DAC4-474D-991F-9ADE002FC4F7}"
EndProject
Project("{9A19103F-16F7-4668-BE54-9A1E7A4F7556}") = "PL", "PL\PL.csproj", "{0541D4FB-10C3-4C02-9A6A-F05438DEB91C}"
EndProject
Project("{9A19103F-16F7-4668-BE54-9A1E7A4F7556}") = "DalObject", "DalObject\DalObject.csproj", "{93C5278A-7C26-43B7-AC70-54D6645DC7B6}"
EndProject
Project("{9A19103F-16F7-4668-BE54-9A1E7A4F7556}") = "DalXml", "DalXml\DalXml.csproj", "{2DB2CB3C-2416-42BD-9C21-3B6795E7CA93}"
EndProject
Project("{9A19103F-16F7-4668-BE54-9A1E7A4F7556}") = "DalFacade", "DalFacade\DalFacade.csproj", "{D6D32768-9896-45CB-A2BA-58004A4A5A66}"
EndProject
Project("{2150E333-8FDC-42A3-9474-1A3956D46DE8}") = "xml", "xml", "{5C077AEE-B499-4132-AB51-1EC7948DC5FE}"
	ProjectSection(SolutionItems) = preProject
		dal-config.xml = dal-config.xml
	EndProjectSection
EndProject
Project("{FAE04EC0-301F-11D3-BF4B-00C04F79EFBC}") = "ConsoleDal", "ConsoleDal\ConsoleDal.csproj", "{2347893A-BB58-49F0-BCBF-E8C94219E051}"
EndProject
Project("{FAE04EC0-301F-11D3-BF4B-00C04F79EFBC}") = "ConsoleBL", "ConsoleBL\ConsoleBL.csproj", "{61791D83-32CD-4615-8BB8-CE0C7E3FD5A7}"
EndProject
Global
	GlobalSection(SolutionConfigurationPlatforms) = preSolution
		Debug|Any CPU = Debug|Any CPU
		Release|Any CPU = Release|Any CPU
	EndGlobalSection
	GlobalSection(ProjectConfigurationPlatforms) = postSolution
		{78F84A66-D058-4C39-B8AC-65863E6A7729}.Debug|Any CPU.ActiveCfg = Debug|Any CPU
		{78F84A66-D058-4C39-B8AC-65863E6A7729}.Debug|Any CPU.Build.0 = Debug|Any CPU
		{78F84A66-D058-4C39-B8AC-65863E6A7729}.Release|Any CPU.ActiveCfg = Release|Any CPU
		{78F84A66-D058-4C39-B8AC-65863E6A7729}.Release|Any CPU.Build.0 = Release|Any CPU
		{65D3A127-DAC4-474D-991F-9ADE002FC4F7}.Debug|Any CPU.ActiveCfg = Debug|Any CPU
		{65D3A127-DAC4-474D-991F-9ADE002FC4F7}.Debug|Any CPU.Build.0 = Debug|Any CPU
		{65D3A127-DAC4-474D-991F-9ADE002FC4F7}.Release|Any CPU.ActiveCfg = Release|Any CPU
		{65D3A127-DAC4-474D-991F-9ADE002FC4F7}.Release|Any CPU.Build.0 = Release|Any CPU
		{0541D4FB-10C3-4C02-9A6A-F05438DEB91C}.Debug|Any CPU.ActiveCfg = Debug|Any CPU
		{0541D4FB-10C3-4C02-9A6A-F05438DEB91C}.Debug|Any CPU.Build.0 = Debug|Any CPU
		{0541D4FB-10C3-4C02-9A6A-F05438DEB91C}.Release|Any CPU.ActiveCfg = Release|Any CPU
		{0541D4FB-10C3-4C02-9A6A-F05438DEB91C}.Release|Any CPU.Build.0 = Release|Any CPU
		{93C5278A-7C26-43B7-AC70-54D6645DC7B6}.Debug|Any CPU.ActiveCfg = Debug|Any CPU
		{93C5278A-7C26-43B7-AC70-54D6645DC7B6}.Debug|Any CPU.Build.0 = Debug|Any CPU
		{93C5278A-7C26-43B7-AC70-54D6645DC7B6}.Release|Any CPU.ActiveCfg = Release|Any CPU
		{93C5278A-7C26-43B7-AC70-54D6645DC7B6}.Release|Any CPU.Build.0 = Release|Any CPU
		{2DB2CB3C-2416-42BD-9C21-3B6795E7CA93}.Debug|Any CPU.ActiveCfg = Debug|Any CPU
		{2DB2CB3C-2416-42BD-9C21-3B6795E7CA93}.Debug|Any CPU.Build.0 = Debug|Any CPU
		{2DB2CB3C-2416-42BD-9C21-3B6795E7CA93}.Release|Any CPU.ActiveCfg = Release|Any CPU
		{2DB2CB3C-2416-42BD-9C21-3B6795E7CA93}.Release|Any CPU.Build.0 = Release|Any CPU
		{D6D32768-9896-45CB-A2BA-58004A4A5A66}.Debug|Any CPU.ActiveCfg = Debug|Any CPU
		{D6D32768-9896-45CB-A2BA-58004A4A5A66}.Debug|Any CPU.Build.0 = Debug|Any CPU
		{D6D32768-9896-45CB-A2BA-58004A4A5A66}.Release|Any CPU.ActiveCfg = Release|Any CPU
		{D6D32768-9896-45CB-A2BA-58004A4A5A66}.Release|Any CPU.Build.0 = Release|Any CPU
		{2347893A-BB58-49F0-BCBF-E8C94219E051}.Debug|Any CPU.ActiveCfg = Debug|Any CPU
		{2347893A-BB58-49F0-BCBF-E8C94219E051}.Debug|Any CPU.Build.0 = Debug|Any CPU
		{2347893A-BB58-49F0-BCBF-E8C94219E051}.Release|Any CPU.ActiveCfg = Release|Any CPU
		{2347893A-BB58-49F0-BCBF-E8C94219E051}.Release|Any CPU.Build.0 = Release|Any CPU
		{61791D83-32CD-4615-8BB8-CE0C7E3FD5A7}.Debug|Any CPU.ActiveCfg = Debug|Any CPU
		{61791D83-32CD-4615-8BB8-CE0C7E3FD5A7}.Debug|Any CPU.Build.0 = Debug|Any CPU
		{61791D83-32CD-4615-8BB8-CE0C7E3FD5A7}.Release|Any CPU.ActiveCfg = Release|Any CPU
		{61791D83-32CD-4615-8BB8-CE0C7E3FD5A7}.Release|Any CPU.Build.0 = Release|Any CPU
	EndGlobalSection
	GlobalSection(SolutionProperties) = preSolution
		HideSolutionNode = FALSE
	EndGlobalSection
	GlobalSection(ExtensibilityGlobals) = postSolution
		SolutionGuid = {A477B532-070A-48BE-B377-A888B88BE013}
	EndGlobalSection
EndGlobal
